
Microsoft Visual Studio Solution File, Format Version 12.00
# Visual Studio 15
VisualStudioVersion = 15.0.27428.2037
MinimumVisualStudioVersion = 10.0.40219.1
Project("{FAE04EC0-301F-11D3-BF4B-00C04F79EFBC}") = "ArtistSearch", "ArtistSearch\ArtistSearch.csproj", "{A0BA082E-3F53-4168-9A8A-B5855A04F06A}"
EndProject
Global
	GlobalSection(SolutionConfigurationPlatforms) = preSolution
		Debug|Any CPU = Debug|Any CPU
		Release|Any CPU = Release|Any CPU
	EndGlobalSection
	GlobalSection(ProjectConfigurationPlatforms) = postSolution
		{A0BA082E-3F53-4168-9A8A-B5855A04F06A}.Debug|Any CPU.ActiveCfg = Debug|Any CPU
		{A0BA082E-3F53-4168-9A8A-B5855A04F06A}.Debug|Any CPU.Build.0 = Debug|Any CPU
		{A0BA082E-3F53-4168-9A8A-B5855A04F06A}.Release|Any CPU.ActiveCfg = Release|Any CPU
		{A0BA082E-3F53-4168-9A8A-B5855A04F06A}.Release|Any CPU.Build.0 = Release|Any CPU
	EndGlobalSection
	GlobalSection(SolutionProperties) = preSolution
		HideSolutionNode = FALSE
	EndGlobalSection
	GlobalSection(ExtensibilityGlobals) = postSolution
		SolutionGuid = {CE001B17-E993-4572-8D05-FDE48EA38057}
	EndGlobalSection
EndGlobal
